
Microsoft Visual Studio Solution File, Format Version 12.00
# Visual Studio 15
VisualStudioVersion = 15.0.28307.438
MinimumVisualStudioVersion = 10.0.40219.1
Project("{888888A0-9F3D-457C-B088-3A5042F75D52}") = "FacialExpressionRecognition", "FacialExpressionRecognition\FacialExpressionRecognition.pyproj", "{37669EFB-88B9-4F9A-914D-75A262B93BAD}"
EndProject
Project("{888888A0-9F3D-457C-B088-3A5042F75D52}") = "NeuralNetworkModel", "NeuralNetworkModel\NeuralNetworkModel.pyproj", "{B0C9223D-BFCC-4C78-94B3-5A5EDA4D68B8}"
EndProject
Project("{2150E333-8FDC-42A3-9474-1A3956D46DE8}") = "Solution Items", "Solution Items", "{722096FE-372C-433A-B0DD-8A5ACA108D07}"
	ProjectSection(SolutionItems) = preProject
		README.md = README.md
	EndProjectSection
EndProject
Global
	GlobalSection(SolutionConfigurationPlatforms) = preSolution
		Debug|Any CPU = Debug|Any CPU
		Release|Any CPU = Release|Any CPU
	EndGlobalSection
	GlobalSection(ProjectConfigurationPlatforms) = postSolution
		{37669EFB-88B9-4F9A-914D-75A262B93BAD}.Debug|Any CPU.ActiveCfg = Debug|Any CPU
		{37669EFB-88B9-4F9A-914D-75A262B93BAD}.Release|Any CPU.ActiveCfg = Release|Any CPU
		{B0C9223D-BFCC-4C78-94B3-5A5EDA4D68B8}.Debug|Any CPU.ActiveCfg = Debug|Any CPU
		{B0C9223D-BFCC-4C78-94B3-5A5EDA4D68B8}.Release|Any CPU.ActiveCfg = Release|Any CPU
	EndGlobalSection
	GlobalSection(SolutionProperties) = preSolution
		HideSolutionNode = FALSE
	EndGlobalSection
	GlobalSection(ExtensibilityGlobals) = postSolution
		SolutionGuid = {56AA0D0A-157E-42D5-AF62-9398FBD2E225}
	EndGlobalSection
EndGlobal
